// !$*UTF8*$!
{
	archiveVersion = 1;
	classes = {
	};
	objectVersion = 48;
	objects = {

/* Begin PBXBuildFile section */
		48098A0B205F2C8C00445E6A /* AppDelegate.swift in Sources */ = {isa = PBXBuildFile; fileRef = 48098A0A205F2C8C00445E6A /* AppDelegate.swift */; };
		48098A10205F2C8C00445E6A /* Main.storyboard in Resources */ = {isa = PBXBuildFile; fileRef = 48098A0E205F2C8C00445E6A /* Main.storyboard */; };
		48098A12205F2C8C00445E6A /* Assets.xcassets in Resources */ = {isa = PBXBuildFile; fileRef = 48098A11205F2C8C00445E6A /* Assets.xcassets */; };
		48098A15205F2C8C00445E6A /* LaunchScreen.storyboard in Resources */ = {isa = PBXBuildFile; fileRef = 48098A13205F2C8C00445E6A /* LaunchScreen.storyboard */; };
		48EF03C8205F2F7D00964761 /* BluetoothDeviceHandler.m in Sources */ = {isa = PBXBuildFile; fileRef = 48EF03BA205F2F7D00964761 /* BluetoothDeviceHandler.m */; };
		48EF03C9205F2F7D00964761 /* BluetoothManagerHandler.m in Sources */ = {isa = PBXBuildFile; fileRef = 48EF03BD205F2F7D00964761 /* BluetoothManagerHandler.m */; };
		48EF03CA205F2F7D00964761 /* QuickBT.swift in Sources */ = {isa = PBXBuildFile; fileRef = 48EF03C2205F2F7D00964761 /* QuickBT.swift */; };
		48EF03CB205F2F7D00964761 /* MainViewController.swift in Sources */ = {isa = PBXBuildFile; fileRef = 48EF03C4205F2F7D00964761 /* MainViewController.swift */; };
		48EF03CC205F2F7D00964761 /* RunAfterViewController.swift in Sources */ = {isa = PBXBuildFile; fileRef = 48EF03C5205F2F7D00964761 /* RunAfterViewController.swift */; };
		48EF03CD205F2F7D00964761 /* Config.swift in Sources */ = {isa = PBXBuildFile; fileRef = 48EF03C6205F2F7D00964761 /* Config.swift */; };
/* End PBXBuildFile section */

/* Begin PBXFileReference section */
		48098A07205F2C8C00445E6A /* QuickBT.app */ = {isa = PBXFileReference; explicitFileType = wrapper.application; includeInIndex = 0; path = QuickBT.app; sourceTree = BUILT_PRODUCTS_DIR; };
		48098A0A205F2C8C00445E6A /* AppDelegate.swift */ = {isa = PBXFileReference; lastKnownFileType = sourcecode.swift; path = AppDelegate.swift; sourceTree = "<group>"; };
		48098A0F205F2C8C00445E6A /* Base */ = {isa = PBXFileReference; lastKnownFileType = file.storyboard; name = Base; path = Base.lproj/Main.storyboard; sourceTree = "<group>"; };
		48098A11205F2C8C00445E6A /* Assets.xcassets */ = {isa = PBXFileReference; lastKnownFileType = folder.assetcatalog; path = Assets.xcassets; sourceTree = "<group>"; };
		48098A14205F2C8C00445E6A /* Base */ = {isa = PBXFileReference; lastKnownFileType = file.storyboard; name = Base; path = Base.lproj/LaunchScreen.storyboard; sourceTree = "<group>"; };
		48098A16205F2C8C00445E6A /* Info.plist */ = {isa = PBXFileReference; lastKnownFileType = text.plist.xml; path = Info.plist; sourceTree = "<group>"; };
		48098A3A205F317200445E6A /* QuickBT-Bridging-Header.h */ = {isa = PBXFileReference; fileEncoding = 4; lastKnownFileType = sourcecode.c.h; path = "QuickBT-Bridging-Header.h"; sourceTree = "<group>"; };
		48EF03BA205F2F7D00964761 /* BluetoothDeviceHandler.m */ = {isa = PBXFileReference; fileEncoding = 4; lastKnownFileType = sourcecode.c.objc; path = BluetoothDeviceHandler.m; sourceTree = "<group>"; };
		48EF03BB205F2F7D00964761 /* BluetoothManagerHandler.h */ = {isa = PBXFileReference; fileEncoding = 4; lastKnownFileType = sourcecode.c.h; path = BluetoothManagerHandler.h; sourceTree = "<group>"; };
		48EF03BC205F2F7D00964761 /* BluetoothDeviceHandler.h */ = {isa = PBXFileReference; fileEncoding = 4; lastKnownFileType = sourcecode.c.h; path = BluetoothDeviceHandler.h; sourceTree = "<group>"; };
		48EF03BD205F2F7D00964761 /* BluetoothManagerHandler.m */ = {isa = PBXFileReference; fileEncoding = 4; lastKnownFileType = sourcecode.c.objc; path = BluetoothManagerHandler.m; sourceTree = "<group>"; };
		48EF03C0205F2F7D00964761 /* BluetoothManager.h */ = {isa = PBXFileReference; fileEncoding = 4; lastKnownFileType = sourcecode.c.h; path = BluetoothManager.h; sourceTree = "<group>"; };
		48EF03C1205F2F7D00964761 /* BluetoothDevice.h */ = {isa = PBXFileReference; fileEncoding = 4; lastKnownFileType = sourcecode.c.h; path = BluetoothDevice.h; sourceTree = "<group>"; };
		48EF03C2205F2F7D00964761 /* QuickBT.swift */ = {isa = PBXFileReference; fileEncoding = 4; lastKnownFileType = sourcecode.swift; path = QuickBT.swift; sourceTree = "<group>"; };
		48EF03C4205F2F7D00964761 /* MainViewController.swift */ = {isa = PBXFileReference; fileEncoding = 4; lastKnownFileType = sourcecode.swift; path = MainViewController.swift; sourceTree = "<group>"; };
		48EF03C5205F2F7D00964761 /* RunAfterViewController.swift */ = {isa = PBXFileReference; fileEncoding = 4; lastKnownFileType = sourcecode.swift; path = RunAfterViewController.swift; sourceTree = "<group>"; };
		48EF03C6205F2F7D00964761 /* Config.swift */ = {isa = PBXFileReference; fileEncoding = 4; lastKnownFileType = sourcecode.swift; path = Config.swift; sourceTree = "<group>"; };
/* End PBXFileReference section */

/* Begin PBXFrameworksBuildPhase section */
		48098A04205F2C8C00445E6A /* Frameworks */ = {
			isa = PBXFrameworksBuildPhase;
			buildActionMask = 2147483647;
			files = (
			);
			runOnlyForDeploymentPostprocessing = 0;
		};
/* End PBXFrameworksBuildPhase section */

/* Begin PBXGroup section */
		480989FE205F2C8B00445E6A = {
			isa = PBXGroup;
			children = (
				48098A09205F2C8C00445E6A /* QuickBT */,
				48098A08205F2C8C00445E6A /* Products */,
			);
			sourceTree = "<group>";
		};
		48098A08205F2C8C00445E6A /* Products */ = {
			isa = PBXGroup;
			children = (
				48098A07205F2C8C00445E6A /* QuickBT.app */,
			);
			name = Products;
			sourceTree = "<group>";
		};
		48098A09205F2C8C00445E6A /* QuickBT */ = {
			isa = PBXGroup;
			children = (
				48EF03B9205F2F7D00964761 /* Handler */,
				48EF03C3205F2F7D00964761 /* View */,
				48EF03BF205F2F7D00964761 /* Private Headers */,
				48EF03C2205F2F7D00964761 /* QuickBT.swift */,
				48EF03C6205F2F7D00964761 /* Config.swift */,
				48098A0A205F2C8C00445E6A /* AppDelegate.swift */,
				48098A3A205F317200445E6A /* QuickBT-Bridging-Header.h */,
				48098A0E205F2C8C00445E6A /* Main.storyboard */,
				48098A13205F2C8C00445E6A /* LaunchScreen.storyboard */,
				48098A11205F2C8C00445E6A /* Assets.xcassets */,
				48098A16205F2C8C00445E6A /* Info.plist */,
			);
			path = QuickBT;
			sourceTree = "<group>";
		};
		48EF03B9205F2F7D00964761 /* Handler */ = {
			isa = PBXGroup;
			children = (
				48EF03BA205F2F7D00964761 /* BluetoothDeviceHandler.m */,
				48EF03BB205F2F7D00964761 /* BluetoothManagerHandler.h */,
				48EF03BC205F2F7D00964761 /* BluetoothDeviceHandler.h */,
				48EF03BD205F2F7D00964761 /* BluetoothManagerHandler.m */,
			);
			path = Handler;
			sourceTree = "<group>";
		};
		48EF03BF205F2F7D00964761 /* Private Headers */ = {
			isa = PBXGroup;
			children = (
				48EF03C0205F2F7D00964761 /* BluetoothManager.h */,
				48EF03C1205F2F7D00964761 /* BluetoothDevice.h */,
			);
			path = "Private Headers";
			sourceTree = "<group>";
		};
		48EF03C3205F2F7D00964761 /* View */ = {
			isa = PBXGroup;
			children = (
				48EF03C4205F2F7D00964761 /* MainViewController.swift */,
				48EF03C5205F2F7D00964761 /* RunAfterViewController.swift */,
			);
			path = View;
			sourceTree = "<group>";
		};
/* End PBXGroup section */

/* Begin PBXNativeTarget section */
		48098A06205F2C8C00445E6A /* QuickBT */ = {
			isa = PBXNativeTarget;
			buildConfigurationList = 48098A19205F2C8C00445E6A /* Build configuration list for PBXNativeTarget "QuickBT" */;
			buildPhases = (
				48098A03205F2C8C00445E6A /* Sources */,
				48098A04205F2C8C00445E6A /* Frameworks */,
				48098A05205F2C8C00445E6A /* Resources */,
			);
			buildRules = (
			);
			dependencies = (
			);
			name = QuickBT;
			productName = QuickBT;
			productReference = 48098A07205F2C8C00445E6A /* QuickBT.app */;
			productType = "com.apple.product-type.application";
		};
/* End PBXNativeTarget section */

/* Begin PBXProject section */
		480989FF205F2C8B00445E6A /* Project object */ = {
			isa = PBXProject;
			attributes = {
				LastSwiftUpdateCheck = 0920;
				LastUpgradeCheck = 0920;
				ORGANIZATIONNAME = "Jesse Zhu";
				TargetAttributes = {
					48098A06205F2C8C00445E6A = {
						CreatedOnToolsVersion = 9.2;
						ProvisioningStyle = Automatic;
					};
				};
			};
			buildConfigurationList = 48098A02205F2C8B00445E6A /* Build configuration list for PBXProject "QuickBT" */;
			compatibilityVersion = "Xcode 8.0";
			developmentRegion = en;
			hasScannedForEncodings = 0;
			knownRegions = (
				en,
				Base,
			);
			mainGroup = 480989FE205F2C8B00445E6A;
			productRefGroup = 48098A08205F2C8C00445E6A /* Products */;
			projectDirPath = "";
			projectRoot = "";
			targets = (
				48098A06205F2C8C00445E6A /* QuickBT */,
			);
		};
/* End PBXProject section */

/* Begin PBXResourcesBuildPhase section */
		48098A05205F2C8C00445E6A /* Resources */ = {
			isa = PBXResourcesBuildPhase;
			buildActionMask = 2147483647;
			files = (
				48098A15205F2C8C00445E6A /* LaunchScreen.storyboard in Resources */,
				48098A12205F2C8C00445E6A /* Assets.xcassets in Resources */,
				48098A10205F2C8C00445E6A /* Main.storyboard in Resources */,
			);
			runOnlyForDeploymentPostprocessing = 0;
		};
/* End PBXResourcesBuildPhase section */

/* Begin PBXSourcesBuildPhase section */
		48098A03205F2C8C00445E6A /* Sources */ = {
			isa = PBXSourcesBuildPhase;
			buildActionMask = 2147483647;
			files = (
				48098A0B205F2C8C00445E6A /* AppDelegate.swift in Sources */,
				48EF03CC205F2F7D00964761 /* RunAfterViewController.swift in Sources */,
				48EF03C8205F2F7D00964761 /* BluetoothDeviceHandler.m in Sources */,
				48EF03CB205F2F7D00964761 /* MainViewController.swift in Sources */,
				48EF03CD205F2F7D00964761 /* Config.swift in Sources */,
				48EF03C9205F2F7D00964761 /* BluetoothManagerHandler.m in Sources */,
				48EF03CA205F2F7D00964761 /* QuickBT.swift in Sources */,
			);
			runOnlyForDeploymentPostprocessing = 0;
		};
/* End PBXSourcesBuildPhase section */

/* Begin PBXVariantGroup section */
		48098A0E205F2C8C00445E6A /* Main.storyboard */ = {
			isa = PBXVariantGroup;
			children = (
				48098A0F205F2C8C00445E6A /* Base */,
			);
			name = Main.storyboard;
			sourceTree = "<group>";
		};
		48098A13205F2C8C00445E6A /* LaunchScreen.storyboard */ = {
			isa = PBXVariantGroup;
			children = (
				48098A14205F2C8C00445E6A /* Base */,
			);
			name = LaunchScreen.storyboard;
			sourceTree = "<group>";
		};
/* End PBXVariantGroup section */

/* Begin XCBuildConfiguration section */
		48098A17205F2C8C00445E6A /* Debug */ = {
			isa = XCBuildConfiguration;
			buildSettings = {
				ALWAYS_SEARCH_USER_PATHS = NO;
				CLANG_ANALYZER_NONNULL = YES;
				CLANG_ANALYZER_NUMBER_OBJECT_CONVERSION = YES_AGGRESSIVE;
				CLANG_CXX_LANGUAGE_STANDARD = "gnu++14";
				CLANG_CXX_LIBRARY = "libc++";
				CLANG_ENABLE_MODULES = YES;
				CLANG_ENABLE_OBJC_ARC = YES;
				CLANG_WARN_BLOCK_CAPTURE_AUTORELEASING = YES;
				CLANG_WARN_BOOL_CONVERSION = YES;
				CLANG_WARN_COMMA = YES;
				CLANG_WARN_CONSTANT_CONVERSION = YES;
				CLANG_WARN_DIRECT_OBJC_ISA_USAGE = YES_ERROR;
				CLANG_WARN_DOCUMENTATION_COMMENTS = YES;
				CLANG_WARN_EMPTY_BODY = YES;
				CLANG_WARN_ENUM_CONVERSION = YES;
				CLANG_WARN_INFINITE_RECURSION = YES;
				CLANG_WARN_INT_CONVERSION = YES;
				CLANG_WARN_NON_LITERAL_NULL_CONVERSION = YES;
				CLANG_WARN_OBJC_LITERAL_CONVERSION = YES;
				CLANG_WARN_OBJC_ROOT_CLASS = YES_ERROR;
				CLANG_WARN_RANGE_LOOP_ANALYSIS = YES;
				CLANG_WARN_STRICT_PROTOTYPES = YES;
				CLANG_WARN_SUSPICIOUS_MOVE = YES;
				CLANG_WARN_UNGUARDED_AVAILABILITY = YES_AGGRESSIVE;
				CLANG_WARN_UNREACHABLE_CODE = YES;
				CLANG_WARN__DUPLICATE_METHOD_MATCH = YES;
				CODE_SIGN_IDENTITY = "iPhone Developer";
				COPY_PHASE_STRIP = NO;
				DEBUG_INFORMATION_FORMAT = dwarf;
				ENABLE_STRICT_OBJC_MSGSEND = YES;
				ENABLE_TESTABILITY = YES;
				GCC_C_LANGUAGE_STANDARD = gnu11;
				GCC_DYNAMIC_NO_PIC = NO;
				GCC_NO_COMMON_BLOCKS = YES;
				GCC_OPTIMIZATION_LEVEL = 0;
				GCC_PREPROCESSOR_DEFINITIONS = (
					"DEBUG=1",
					"$(inherited)",
				);
				GCC_WARN_64_TO_32_BIT_CONVERSION = YES;
				GCC_WARN_ABOUT_RETURN_TYPE = YES_ERROR;
				GCC_WARN_UNDECLARED_SELECTOR = YES;
				GCC_WARN_UNINITIALIZED_AUTOS = YES_AGGRESSIVE;
				GCC_WARN_UNUSED_FUNCTION = YES;
				GCC_WARN_UNUSED_VARIABLE = YES;
				IPHONEOS_DEPLOYMENT_TARGET = 11.2;
				MTL_ENABLE_DEBUG_INFO = YES;
				ONLY_ACTIVE_ARCH = YES;
				SDKROOT = iphoneos;
				SWIFT_ACTIVE_COMPILATION_CONDITIONS = DEBUG;
				SWIFT_OPTIMIZATION_LEVEL = "-Onone";
			};
			name = Debug;
		};
		48098A18205F2C8C00445E6A /* Release */ = {
			isa = XCBuildConfiguration;
			buildSettings = {
				ALWAYS_SEARCH_USER_PATHS = NO;
				CLANG_ANALYZER_NONNULL = YES;
				CLANG_ANALYZER_NUMBER_OBJECT_CONVERSION = YES_AGGRESSIVE;
				CLANG_CXX_LANGUAGE_STANDARD = "gnu++14";
				CLANG_CXX_LIBRARY = "libc++";
				CLANG_ENABLE_MODULES = YES;
				CLANG_ENABLE_OBJC_ARC = YES;
				CLANG_WARN_BLOCK_CAPTURE_AUTORELEASING = YES;
				CLANG_WARN_BOOL_CONVERSION = YES;
				CLANG_WARN_COMMA = YES;
				CLANG_WARN_CONSTANT_CONVERSION = YES;
				CLANG_WARN_DIRECT_OBJC_ISA_USAGE = YES_ERROR;
				CLANG_WARN_DOCUMENTATION_COMMENTS = YES;
				CLANG_WARN_EMPTY_BODY = YES;
				CLANG_WARN_ENUM_CONVERSION = YES;
				CLANG_WARN_INFINITE_RECURSION = YES;
				CLANG_WARN_INT_CONVERSION = YES;
				CLANG_WARN_NON_LITERAL_NULL_CONVERSION = YES;
				CLANG_WARN_OBJC_LITERAL_CONVERSION = YES;
				CLANG_WARN_OBJC_ROOT_CLASS = YES_ERROR;
				CLANG_WARN_RANGE_LOOP_ANALYSIS = YES;
				CLANG_WARN_STRICT_PROTOTYPES = YES;
				CLANG_WARN_SUSPICIOUS_MOVE = YES;
				CLANG_WARN_UNGUARDED_AVAILABILITY = YES_AGGRESSIVE;
				CLANG_WARN_UNREACHABLE_CODE = YES;
				CLANG_WARN__DUPLICATE_METHOD_MATCH = YES;
				CODE_SIGN_IDENTITY = "iPhone Developer";
				COPY_PHASE_STRIP = NO;
				DEBUG_INFORMATION_FORMAT = "dwarf-with-dsym";
				ENABLE_NS_ASSERTIONS = NO;
				ENABLE_STRICT_OBJC_MSGSEND = YES;
				GCC_C_LANGUAGE_STANDARD = gnu11;
				GCC_NO_COMMON_BLOCKS = YES;
				GCC_WARN_64_TO_32_BIT_CONVERSION = YES;
				GCC_WARN_ABOUT_RETURN_TYPE = YES_ERROR;
				GCC_WARN_UNDECLARED_SELECTOR = YES;
				GCC_WARN_UNINITIALIZED_AUTOS = YES_AGGRESSIVE;
				GCC_WARN_UNUSED_FUNCTION = YES;
				GCC_WARN_UNUSED_VARIABLE = YES;
				IPHONEOS_DEPLOYMENT_TARGET = 11.2;
				MTL_ENABLE_DEBUG_INFO = NO;
				SDKROOT = iphoneos;
				SWIFT_OPTIMIZATION_LEVEL = "-Owholemodule";
				VALIDATE_PRODUCT = YES;
			};
			name = Release;
		};
		48098A1A205F2C8C00445E6A /* Debug */ = {
			isa = XCBuildConfiguration;
			buildSettings = {
				ASSETCATALOG_COMPILER_APPICON_NAME = AppIcon;
				CODE_SIGN_STYLE = Automatic;
				DEVELOPMENT_TEAM = 9975VG746Y;
				INFOPLIST_FILE = QuickBT/Info.plist;
				IPHONEOS_DEPLOYMENT_TARGET = 9.0;
				LD_RUNPATH_SEARCH_PATHS = "$(inherited) @executable_path/Frameworks";
				PRODUCT_BUNDLE_IDENTIFIER = com.itjesse.QuickBT;
				PRODUCT_NAME = "$(TARGET_NAME)";
				SWIFT_OBJC_BRIDGING_HEADER = "QuickBT/QuickBT-Bridging-Header.h";
				SWIFT_VERSION = 4.0;
				TARGETED_DEVICE_FAMILY = "1,2";
			};
			name = Debug;
		};
		48098A1B205F2C8C00445E6A /* Release */ = {
			isa = XCBuildConfiguration;
			buildSettings = {
				ASSETCATALOG_COMPILER_APPICON_NAME = AppIcon;
				CODE_SIGN_STYLE = Automatic;
				DEVELOPMENT_TEAM = 9975VG746Y;
				INFOPLIST_FILE = QuickBT/Info.plist;
				IPHONEOS_DEPLOYMENT_TARGET = 9.0;
				LD_RUNPATH_SEARCH_PATHS = "$(inherited) @executable_path/Frameworks";
				PRODUCT_BUNDLE_IDENTIFIER = com.itjesse.QuickBT;
				PRODUCT_NAME = "$(TARGET_NAME)";
				SWIFT_OBJC_BRIDGING_HEADER = "QuickBT/QuickBT-Bridging-Header.h";
				SWIFT_VERSION = 4.0;
				TARGETED_DEVICE_FAMILY = "1,2";
			};
			name = Release;
		};
/* End XCBuildConfiguration section */

/* Begin XCConfigurationList section */
		48098A02205F2C8B00445E6A /* Build configuration list for PBXProject "QuickBT" */ = {
			isa = XCConfigurationList;
			buildConfigurations = (
				48098A17205F2C8C00445E6A /* Debug */,
				48098A18205F2C8C00445E6A /* Release */,
			);
			defaultConfigurationIsVisible = 0;
			defaultConfigurationName = Release;
		};
		48098A19205F2C8C00445E6A /* Build configuration list for PBXNativeTarget "QuickBT" */ = {
			isa = XCConfigurationList;
			buildConfigurations = (
				48098A1A205F2C8C00445E6A /* Debug */,
				48098A1B205F2C8C00445E6A /* Release */,
			);
			defaultConfigurationIsVisible = 0;
			defaultConfigurationName = Release;
		};
/* End XCConfigurationList section */
	};
	rootObject = 480989FF205F2C8B00445E6A /* Project object */;
}
